
Microsoft Visual Studio Solution File, Format Version 12.00
# Visual Studio 2013
VisualStudioVersion = 12.0.21005.1
MinimumVisualStudioVersion = 10.0.40219.1
Project("{8D9C8A9D-5DED-4B64-BF65-B598BA549D93}") = "LsPushMenu", "LsPushMenu\LsPushMenu.lsxproj", "{2BF2CBD9-8B8A-436C-8B16-17FF5CD71DB8}"
EndProject
Project("{FAE04EC0-301F-11D3-BF4B-00C04F79EFBC}") = "LsPushMenu.Server", "LsPushMenu\LsPushMenu.Server\LsPushMenu.Server.csproj", "{67ABEC1D-2E6E-417A-8B11-BABAF10CF3F5}"
EndProject
Project("{262852C6-CD72-467D-83FE-5EEB1973A190}") = "LsPushMenu.HTMLClient", "LsPushMenu\LsPushMenu.HTMLClient\LsPushMenu.HTMLClient.jsproj", "{2DCF83C1-895B-48C3-BA31-8E85992E6C0A}"
EndProject
Global
	GlobalSection(SolutionConfigurationPlatforms) = preSolution
		Debug|Any CPU = Debug|Any CPU
		Release|Any CPU = Release|Any CPU
	EndGlobalSection
	GlobalSection(ProjectConfigurationPlatforms) = postSolution
		{2BF2CBD9-8B8A-436C-8B16-17FF5CD71DB8}.Debug|Any CPU.ActiveCfg = Debug|Any CPU
		{2BF2CBD9-8B8A-436C-8B16-17FF5CD71DB8}.Debug|Any CPU.Build.0 = Debug|Any CPU
		{2BF2CBD9-8B8A-436C-8B16-17FF5CD71DB8}.Release|Any CPU.ActiveCfg = Release|Any CPU
		{2BF2CBD9-8B8A-436C-8B16-17FF5CD71DB8}.Release|Any CPU.Build.0 = Release|Any CPU
		{67ABEC1D-2E6E-417A-8B11-BABAF10CF3F5}.Debug|Any CPU.ActiveCfg = Debug|Any CPU
		{67ABEC1D-2E6E-417A-8B11-BABAF10CF3F5}.Debug|Any CPU.Build.0 = Debug|Any CPU
		{67ABEC1D-2E6E-417A-8B11-BABAF10CF3F5}.Release|Any CPU.ActiveCfg = Release|Any CPU
		{67ABEC1D-2E6E-417A-8B11-BABAF10CF3F5}.Release|Any CPU.Build.0 = Release|Any CPU
		{2DCF83C1-895B-48C3-BA31-8E85992E6C0A}.Debug|Any CPU.ActiveCfg = Debug|Any CPU
		{2DCF83C1-895B-48C3-BA31-8E85992E6C0A}.Debug|Any CPU.Build.0 = Debug|Any CPU
		{2DCF83C1-895B-48C3-BA31-8E85992E6C0A}.Release|Any CPU.ActiveCfg = Release|Any CPU
		{2DCF83C1-895B-48C3-BA31-8E85992E6C0A}.Release|Any CPU.Build.0 = Release|Any CPU
	EndGlobalSection
	GlobalSection(SolutionProperties) = preSolution
		HideSolutionNode = FALSE
	EndGlobalSection
EndGlobal
